
Microsoft Visual Studio Solution File, Format Version 12.00
# Visual Studio 2015
Project("{FAE04EC0-301F-11D3-BF4B-00C04F79EFBC}") = "2D edutainment platformer (nov 4, 2015 ver).CSharp", "2D edutainment platformer (nov 4, 2015 ver).CSharp.csproj", "{EF662257-983E-E299-22E4-617A7A251EFA}"
EndProject
Global
	GlobalSection(SolutionConfigurationPlatforms) = preSolution
		Debug|Any CPU = Debug|Any CPU
		Release|Any CPU = Release|Any CPU
	EndGlobalSection
	GlobalSection(ProjectConfigurationPlatforms) = postSolution
		{EF662257-983E-E299-22E4-617A7A251EFA}.Debug|Any CPU.ActiveCfg = Debug|Any CPU
		{EF662257-983E-E299-22E4-617A7A251EFA}.Debug|Any CPU.Build.0 = Debug|Any CPU
		{EF662257-983E-E299-22E4-617A7A251EFA}.Release|Any CPU.ActiveCfg = Release|Any CPU
		{EF662257-983E-E299-22E4-617A7A251EFA}.Release|Any CPU.Build.0 = Release|Any CPU
	EndGlobalSection
	GlobalSection(SolutionProperties) = preSolution
		HideSolutionNode = FALSE
	EndGlobalSection
EndGlobal
